
Microsoft Visual Studio Solution File, Format Version 12.00
# Visual Studio Version 16
VisualStudioVersion = 16.0.31702.278
MinimumVisualStudioVersion = 10.0.40219.1
Project("{FAE04EC0-301F-11D3-BF4B-00C04F79EFBC}") = "server-side-app", "server-side-app\server-side-app.csproj", "{791A9922-E5F3-4F6A-A9EE-5DE41AF83F2B}"
EndProject
Global
	GlobalSection(SolutionConfigurationPlatforms) = preSolution
		Debug|Any CPU = Debug|Any CPU
		Release|Any CPU = Release|Any CPU
	EndGlobalSection
	GlobalSection(ProjectConfigurationPlatforms) = postSolution
		{791A9922-E5F3-4F6A-A9EE-5DE41AF83F2B}.Debug|Any CPU.ActiveCfg = Debug|Any CPU
		{791A9922-E5F3-4F6A-A9EE-5DE41AF83F2B}.Debug|Any CPU.Build.0 = Debug|Any CPU
		{791A9922-E5F3-4F6A-A9EE-5DE41AF83F2B}.Release|Any CPU.ActiveCfg = Release|Any CPU
		{791A9922-E5F3-4F6A-A9EE-5DE41AF83F2B}.Release|Any CPU.Build.0 = Release|Any CPU
	EndGlobalSection
	GlobalSection(SolutionProperties) = preSolution
		HideSolutionNode = FALSE
	EndGlobalSection
	GlobalSection(ExtensibilityGlobals) = postSolution
		SolutionGuid = {AC36C51B-FF5D-4CDF-BC48-8AE2D3D5CBC2}
	EndGlobalSection
EndGlobal
